{
  "name": "svgps",
  "version": "0.1.2",
  "lockfileVersion": 1,
  "requires": true,
  "dependencies": {
    "slugify": {
      "version": "1.5.0",
      "resolved": "https://registry.npmjs.org/slugify/-/slugify-1.5.0.tgz",
      "integrity": "sha512-Q2UPZ2udzquy1ElHfOLILMBMqBEXkiD3wE75qtBvV+FsDdZZjUqPZ44vqLTejAVq+wLLHacOMcENnP8+ZbzmIA=="
    }
  }
}
